
Microsoft Visual Studio Solution File, Format Version 12.00
# Visual Studio Version 17
VisualStudioVersion = 17.14.36221.1
MinimumVisualStudioVersion = 10.0.40219.1
Project("{2150E333-8FDC-42A3-9474-1A3956D46DE8}") = "Agenda", "Agenda", "{02EA681E-C7D8-13C7-8484-4AC65E1B71E8}"
EndProject
Project("{2150E333-8FDC-42A3-9474-1A3956D46DE8}") = "Cadastros", "Cadastros", "{51D975A2-C7EF-4E14-BC90-AD6325C8F3DE}"
EndProject
Project("{2150E333-8FDC-42A3-9474-1A3956D46DE8}") = "BuildContext", "BuildContext", "{AFDA9A79-CBC4-4108-8F77-0255FFB68F86}"
EndProject
Project("{2150E333-8FDC-42A3-9474-1A3956D46DE8}") = "Core", "Core", "{59704847-CAD2-406F-83A8-E693B9BB4697}"
EndProject
Project("{2150E333-8FDC-42A3-9474-1A3956D46DE8}") = "OrdemServico", "OrdemServico", "{4C0248F7-99F9-4B4E-B91C-1E89FA039C14}"
EndProject
Project("{2150E333-8FDC-42A3-9474-1A3956D46DE8}") = "Financeiro", "Financeiro", "{C71CF7B2-CE67-44E7-8442-4EB5F6222FD9}"
EndProject
Project("{FAE04EC0-301F-11D3-BF4B-00C04F79EFBC}") = "Meraki.Agenda.Aplication", "BuildContext\Agenda\Meraki.Agenda.Aplication\Meraki.Agenda.Aplication.csproj", "{7DCF5779-8B93-11DC-C2D5-F8DD1CF23563}"
EndProject
Project("{FAE04EC0-301F-11D3-BF4B-00C04F79EFBC}") = "Meraki.Agenda.Data", "BuildContext\Agenda\Meraki.Agenda.Data\Meraki.Agenda.Data.csproj", "{E9975246-8229-ABD1-1418-3CDF5FE9F22C}"
EndProject
Project("{FAE04EC0-301F-11D3-BF4B-00C04F79EFBC}") = "Meraki.Agenda.Domain", "BuildContext\Agenda\Meraki.Agenda.Domain\Meraki.Agenda.Domain.csproj", "{FC143511-E15D-C85E-D92B-AAD61D6A1B92}"
EndProject
Project("{FAE04EC0-301F-11D3-BF4B-00C04F79EFBC}") = "Meraki.Cadastros.Aplication", "BuildContext\Cadastros\Meraki.Cadastros.Aplication\Meraki.Cadastros.Aplication.csproj", "{4EA8A87D-9F5C-BA4F-C58A-1A8E7BEC2285}"
EndProject
Project("{FAE04EC0-301F-11D3-BF4B-00C04F79EFBC}") = "Meraki.Cadastros.Data", "BuildContext\Cadastros\Meraki.Cadastros.Data\Meraki.Cadastros.Data.csproj", "{0320954F-DA4F-1FD9-B19A-594853B5FA94}"
EndProject
Project("{FAE04EC0-301F-11D3-BF4B-00C04F79EFBC}") = "Meraki.Cadastros.Domain", "BuildContext\Cadastros\Meraki.Cadastros.Domain\Meraki.Cadastros.Domain.csproj", "{D8037B05-6CCF-39D0-7179-7E101DC18316}"
EndProject
Project("{FAE04EC0-301F-11D3-BF4B-00C04F79EFBC}") = "Meraki.Core", "BuildContext\Core\Meraki.Core\Meraki.Core.csproj", "{85C72CFC-0D81-AC69-45E4-E59B604B6451}"
EndProject
Project("{FAE04EC0-301F-11D3-BF4B-00C04F79EFBC}") = "Meraki.Financeiro.Aplication", "BuildContext\Financeiro\Meraki.Financeiro.Aplication\Meraki.Financeiro.Aplication.csproj", "{D1BE8C14-E28F-5150-6851-97D3B996425B}"
EndProject
Project("{FAE04EC0-301F-11D3-BF4B-00C04F79EFBC}") = "Meraki.Financeito.Data", "BuildContext\Financeiro\Meraki.Financeiro.Data\Meraki.Financeito.Data.csproj", "{7C2230C8-E692-B758-EF52-6F092843522D}"
EndProject
Project("{FAE04EC0-301F-11D3-BF4B-00C04F79EFBC}") = "Meraki.Financeiro.Domain", "BuildContext\Financeiro\Meraki.Financeiro.Domain\Meraki.Financeiro.Domain.csproj", "{CF6BCB52-4444-A9BA-DBE1-0B3DADD97059}"
EndProject
Project("{FAE04EC0-301F-11D3-BF4B-00C04F79EFBC}") = "Meraki.OrdemServico.Aplication", "BuildContext\OrdemServico\Meraki.OrdemServico.Aplication\Meraki.OrdemServico.Aplication.csproj", "{3C8D00E4-6365-B119-0B4B-0C96CFFC4F66}"
EndProject
Project("{FAE04EC0-301F-11D3-BF4B-00C04F79EFBC}") = "Meraki.OrdemServico.Data", "BuildContext\OrdemServico\Meraki.OrdemServico.Data\Meraki.OrdemServico.Data.csproj", "{7BD44A12-DF3C-4FD8-D212-BA978E2717F2}"
EndProject
Project("{FAE04EC0-301F-11D3-BF4B-00C04F79EFBC}") = "Meraki.OrdemServico.Domain", "BuildContext\OrdemServico\Meraki.OrdemServico.Domain\Meraki.OrdemServico.Domain.csproj", "{993A29E8-EAFD-2C8D-D223-CAA210F4E5F4}"
EndProject
Project("{FAE04EC0-301F-11D3-BF4B-00C04F79EFBC}") = "Meraki.Agenda.Api", "BuildContext\Agenda\Meraki.Agenda.Api\Meraki.Agenda.Api.csproj", "{5C64F3B5-1855-9FF9-2B45-52AB09BAD700}"
EndProject
Project("{FAE04EC0-301F-11D3-BF4B-00C04F79EFBC}") = "Meraki.Cadastros.Api", "BuildContext\Cadastros\Meraki.Cadastros.Api\Meraki.Cadastros.Api.csproj", "{8AC7A07A-8952-5282-C795-B4A645A07FBA}"
EndProject
Project("{FAE04EC0-301F-11D3-BF4B-00C04F79EFBC}") = "Meraki.Financeiro.Api", "BuildContext\Financeiro\Meraki.Financeiro.Api\Meraki.Financeiro.Api.csproj", "{801ABE64-1166-498D-0106-FA672F297264}"
EndProject
Project("{FAE04EC0-301F-11D3-BF4B-00C04F79EFBC}") = "Meraki.OrdemServico.Api", "BuildContext\OrdemServico\Meraki.OrdemServico.Api\Meraki.OrdemServico.Api.csproj", "{2DC6CEFD-968D-869C-8CC6-800B644A10A8}"
EndProject
Global
	GlobalSection(SolutionConfigurationPlatforms) = preSolution
		Debug|Any CPU = Debug|Any CPU
		Release|Any CPU = Release|Any CPU
	EndGlobalSection
	GlobalSection(ProjectConfigurationPlatforms) = postSolution
		{7DCF5779-8B93-11DC-C2D5-F8DD1CF23563}.Debug|Any CPU.ActiveCfg = Debug|Any CPU
		{7DCF5779-8B93-11DC-C2D5-F8DD1CF23563}.Debug|Any CPU.Build.0 = Debug|Any CPU
		{7DCF5779-8B93-11DC-C2D5-F8DD1CF23563}.Release|Any CPU.ActiveCfg = Release|Any CPU
		{7DCF5779-8B93-11DC-C2D5-F8DD1CF23563}.Release|Any CPU.Build.0 = Release|Any CPU
		{E9975246-8229-ABD1-1418-3CDF5FE9F22C}.Debug|Any CPU.ActiveCfg = Debug|Any CPU
		{E9975246-8229-ABD1-1418-3CDF5FE9F22C}.Debug|Any CPU.Build.0 = Debug|Any CPU
		{E9975246-8229-ABD1-1418-3CDF5FE9F22C}.Release|Any CPU.ActiveCfg = Release|Any CPU
		{E9975246-8229-ABD1-1418-3CDF5FE9F22C}.Release|Any CPU.Build.0 = Release|Any CPU
		{FC143511-E15D-C85E-D92B-AAD61D6A1B92}.Debug|Any CPU.ActiveCfg = Debug|Any CPU
		{FC143511-E15D-C85E-D92B-AAD61D6A1B92}.Debug|Any CPU.Build.0 = Debug|Any CPU
		{FC143511-E15D-C85E-D92B-AAD61D6A1B92}.Release|Any CPU.ActiveCfg = Release|Any CPU
		{FC143511-E15D-C85E-D92B-AAD61D6A1B92}.Release|Any CPU.Build.0 = Release|Any CPU
		{4EA8A87D-9F5C-BA4F-C58A-1A8E7BEC2285}.Debug|Any CPU.ActiveCfg = Debug|Any CPU
		{4EA8A87D-9F5C-BA4F-C58A-1A8E7BEC2285}.Debug|Any CPU.Build.0 = Debug|Any CPU
		{4EA8A87D-9F5C-BA4F-C58A-1A8E7BEC2285}.Release|Any CPU.ActiveCfg = Release|Any CPU
		{4EA8A87D-9F5C-BA4F-C58A-1A8E7BEC2285}.Release|Any CPU.Build.0 = Release|Any CPU
		{0320954F-DA4F-1FD9-B19A-594853B5FA94}.Debug|Any CPU.ActiveCfg = Debug|Any CPU
		{0320954F-DA4F-1FD9-B19A-594853B5FA94}.Debug|Any CPU.Build.0 = Debug|Any CPU
		{0320954F-DA4F-1FD9-B19A-594853B5FA94}.Release|Any CPU.ActiveCfg = Release|Any CPU
		{0320954F-DA4F-1FD9-B19A-594853B5FA94}.Release|Any CPU.Build.0 = Release|Any CPU
		{D8037B05-6CCF-39D0-7179-7E101DC18316}.Debug|Any CPU.ActiveCfg = Debug|Any CPU
		{D8037B05-6CCF-39D0-7179-7E101DC18316}.Debug|Any CPU.Build.0 = Debug|Any CPU
		{D8037B05-6CCF-39D0-7179-7E101DC18316}.Release|Any CPU.ActiveCfg = Release|Any CPU
		{D8037B05-6CCF-39D0-7179-7E101DC18316}.Release|Any CPU.Build.0 = Release|Any CPU
		{85C72CFC-0D81-AC69-45E4-E59B604B6451}.Debug|Any CPU.ActiveCfg = Debug|Any CPU
		{85C72CFC-0D81-AC69-45E4-E59B604B6451}.Debug|Any CPU.Build.0 = Debug|Any CPU
		{85C72CFC-0D81-AC69-45E4-E59B604B6451}.Release|Any CPU.ActiveCfg = Release|Any CPU
		{85C72CFC-0D81-AC69-45E4-E59B604B6451}.Release|Any CPU.Build.0 = Release|Any CPU
		{D1BE8C14-E28F-5150-6851-97D3B996425B}.Debug|Any CPU.ActiveCfg = Debug|Any CPU
		{D1BE8C14-E28F-5150-6851-97D3B996425B}.Debug|Any CPU.Build.0 = Debug|Any CPU
		{D1BE8C14-E28F-5150-6851-97D3B996425B}.Release|Any CPU.ActiveCfg = Release|Any CPU
		{D1BE8C14-E28F-5150-6851-97D3B996425B}.Release|Any CPU.Build.0 = Release|Any CPU
		{7C2230C8-E692-B758-EF52-6F092843522D}.Debug|Any CPU.ActiveCfg = Debug|Any CPU
		{7C2230C8-E692-B758-EF52-6F092843522D}.Debug|Any CPU.Build.0 = Debug|Any CPU
		{7C2230C8-E692-B758-EF52-6F092843522D}.Release|Any CPU.ActiveCfg = Release|Any CPU
		{7C2230C8-E692-B758-EF52-6F092843522D}.Release|Any CPU.Build.0 = Release|Any CPU
		{CF6BCB52-4444-A9BA-DBE1-0B3DADD97059}.Debug|Any CPU.ActiveCfg = Debug|Any CPU
		{CF6BCB52-4444-A9BA-DBE1-0B3DADD97059}.Debug|Any CPU.Build.0 = Debug|Any CPU
		{CF6BCB52-4444-A9BA-DBE1-0B3DADD97059}.Release|Any CPU.ActiveCfg = Release|Any CPU
		{CF6BCB52-4444-A9BA-DBE1-0B3DADD97059}.Release|Any CPU.Build.0 = Release|Any CPU
		{3C8D00E4-6365-B119-0B4B-0C96CFFC4F66}.Debug|Any CPU.ActiveCfg = Debug|Any CPU
		{3C8D00E4-6365-B119-0B4B-0C96CFFC4F66}.Debug|Any CPU.Build.0 = Debug|Any CPU
		{3C8D00E4-6365-B119-0B4B-0C96CFFC4F66}.Release|Any CPU.ActiveCfg = Release|Any CPU
		{3C8D00E4-6365-B119-0B4B-0C96CFFC4F66}.Release|Any CPU.Build.0 = Release|Any CPU
		{7BD44A12-DF3C-4FD8-D212-BA978E2717F2}.Debug|Any CPU.ActiveCfg = Debug|Any CPU
		{7BD44A12-DF3C-4FD8-D212-BA978E2717F2}.Debug|Any CPU.Build.0 = Debug|Any CPU
		{7BD44A12-DF3C-4FD8-D212-BA978E2717F2}.Release|Any CPU.ActiveCfg = Release|Any CPU
		{7BD44A12-DF3C-4FD8-D212-BA978E2717F2}.Release|Any CPU.Build.0 = Release|Any CPU
		{993A29E8-EAFD-2C8D-D223-CAA210F4E5F4}.Debug|Any CPU.ActiveCfg = Debug|Any CPU
		{993A29E8-EAFD-2C8D-D223-CAA210F4E5F4}.Debug|Any CPU.Build.0 = Debug|Any CPU
		{993A29E8-EAFD-2C8D-D223-CAA210F4E5F4}.Release|Any CPU.ActiveCfg = Release|Any CPU
		{993A29E8-EAFD-2C8D-D223-CAA210F4E5F4}.Release|Any CPU.Build.0 = Release|Any CPU
		{5C64F3B5-1855-9FF9-2B45-52AB09BAD700}.Debug|Any CPU.ActiveCfg = Debug|Any CPU
		{5C64F3B5-1855-9FF9-2B45-52AB09BAD700}.Debug|Any CPU.Build.0 = Debug|Any CPU
		{5C64F3B5-1855-9FF9-2B45-52AB09BAD700}.Release|Any CPU.ActiveCfg = Release|Any CPU
		{5C64F3B5-1855-9FF9-2B45-52AB09BAD700}.Release|Any CPU.Build.0 = Release|Any CPU
		{8AC7A07A-8952-5282-C795-B4A645A07FBA}.Debug|Any CPU.ActiveCfg = Debug|Any CPU
		{8AC7A07A-8952-5282-C795-B4A645A07FBA}.Debug|Any CPU.Build.0 = Debug|Any CPU
		{8AC7A07A-8952-5282-C795-B4A645A07FBA}.Release|Any CPU.ActiveCfg = Release|Any CPU
		{8AC7A07A-8952-5282-C795-B4A645A07FBA}.Release|Any CPU.Build.0 = Release|Any CPU
		{801ABE64-1166-498D-0106-FA672F297264}.Debug|Any CPU.ActiveCfg = Debug|Any CPU
		{801ABE64-1166-498D-0106-FA672F297264}.Debug|Any CPU.Build.0 = Debug|Any CPU
		{801ABE64-1166-498D-0106-FA672F297264}.Release|Any CPU.ActiveCfg = Release|Any CPU
		{801ABE64-1166-498D-0106-FA672F297264}.Release|Any CPU.Build.0 = Release|Any CPU
		{2DC6CEFD-968D-869C-8CC6-800B644A10A8}.Debug|Any CPU.ActiveCfg = Debug|Any CPU
		{2DC6CEFD-968D-869C-8CC6-800B644A10A8}.Debug|Any CPU.Build.0 = Debug|Any CPU
		{2DC6CEFD-968D-869C-8CC6-800B644A10A8}.Release|Any CPU.ActiveCfg = Release|Any CPU
		{2DC6CEFD-968D-869C-8CC6-800B644A10A8}.Release|Any CPU.Build.0 = Release|Any CPU
	EndGlobalSection
	GlobalSection(SolutionProperties) = preSolution
		HideSolutionNode = FALSE
	EndGlobalSection
	GlobalSection(NestedProjects) = preSolution
		{02EA681E-C7D8-13C7-8484-4AC65E1B71E8} = {AFDA9A79-CBC4-4108-8F77-0255FFB68F86}
		{51D975A2-C7EF-4E14-BC90-AD6325C8F3DE} = {AFDA9A79-CBC4-4108-8F77-0255FFB68F86}
		{59704847-CAD2-406F-83A8-E693B9BB4697} = {AFDA9A79-CBC4-4108-8F77-0255FFB68F86}
		{4C0248F7-99F9-4B4E-B91C-1E89FA039C14} = {AFDA9A79-CBC4-4108-8F77-0255FFB68F86}
		{C71CF7B2-CE67-44E7-8442-4EB5F6222FD9} = {AFDA9A79-CBC4-4108-8F77-0255FFB68F86}
		{7DCF5779-8B93-11DC-C2D5-F8DD1CF23563} = {02EA681E-C7D8-13C7-8484-4AC65E1B71E8}
		{E9975246-8229-ABD1-1418-3CDF5FE9F22C} = {02EA681E-C7D8-13C7-8484-4AC65E1B71E8}
		{FC143511-E15D-C85E-D92B-AAD61D6A1B92} = {02EA681E-C7D8-13C7-8484-4AC65E1B71E8}
		{4EA8A87D-9F5C-BA4F-C58A-1A8E7BEC2285} = {51D975A2-C7EF-4E14-BC90-AD6325C8F3DE}
		{0320954F-DA4F-1FD9-B19A-594853B5FA94} = {51D975A2-C7EF-4E14-BC90-AD6325C8F3DE}
		{D8037B05-6CCF-39D0-7179-7E101DC18316} = {51D975A2-C7EF-4E14-BC90-AD6325C8F3DE}
		{85C72CFC-0D81-AC69-45E4-E59B604B6451} = {59704847-CAD2-406F-83A8-E693B9BB4697}
		{D1BE8C14-E28F-5150-6851-97D3B996425B} = {C71CF7B2-CE67-44E7-8442-4EB5F6222FD9}
		{7C2230C8-E692-B758-EF52-6F092843522D} = {C71CF7B2-CE67-44E7-8442-4EB5F6222FD9}
		{CF6BCB52-4444-A9BA-DBE1-0B3DADD97059} = {C71CF7B2-CE67-44E7-8442-4EB5F6222FD9}
		{3C8D00E4-6365-B119-0B4B-0C96CFFC4F66} = {4C0248F7-99F9-4B4E-B91C-1E89FA039C14}
		{7BD44A12-DF3C-4FD8-D212-BA978E2717F2} = {4C0248F7-99F9-4B4E-B91C-1E89FA039C14}
		{993A29E8-EAFD-2C8D-D223-CAA210F4E5F4} = {4C0248F7-99F9-4B4E-B91C-1E89FA039C14}
		{5C64F3B5-1855-9FF9-2B45-52AB09BAD700} = {02EA681E-C7D8-13C7-8484-4AC65E1B71E8}
		{8AC7A07A-8952-5282-C795-B4A645A07FBA} = {51D975A2-C7EF-4E14-BC90-AD6325C8F3DE}
		{801ABE64-1166-498D-0106-FA672F297264} = {C71CF7B2-CE67-44E7-8442-4EB5F6222FD9}
		{2DC6CEFD-968D-869C-8CC6-800B644A10A8} = {4C0248F7-99F9-4B4E-B91C-1E89FA039C14}
	EndGlobalSection
	GlobalSection(ExtensibilityGlobals) = postSolution
		SolutionGuid = {73D35177-1343-4034-90C5-7DD2279394AC}
	EndGlobalSection
EndGlobal
