
Microsoft Visual Studio Solution File, Format Version 12.00
# Visual Studio Version 17
VisualStudioVersion = 17.14.36221.1
MinimumVisualStudioVersion = 10.0.40219.1
Project("{2150E333-8FDC-42A3-9474-1A3956D46DE8}") = "Agenda", "Agenda", "{02EA681E-C7D8-13C7-8484-4AC65E1B71E8}"
EndProject
Project("{2150E333-8FDC-42A3-9474-1A3956D46DE8}") = "Cadastros", "Cadastros", "{51D975A2-C7EF-4E14-BC90-AD6325C8F3DE}"
EndProject
Project("{2150E333-8FDC-42A3-9474-1A3956D46DE8}") = "BoundedContext", "BoundedContext", "{AFDA9A79-CBC4-4108-8F77-0255FFB68F86}"
EndProject
Project("{2150E333-8FDC-42A3-9474-1A3956D46DE8}") = "Core", "Core", "{59704847-CAD2-406F-83A8-E693B9BB4697}"
EndProject
Project("{2150E333-8FDC-42A3-9474-1A3956D46DE8}") = "OrdemServico", "OrdemServico", "{4C0248F7-99F9-4B4E-B91C-1E89FA039C14}"
EndProject
Project("{2150E333-8FDC-42A3-9474-1A3956D46DE8}") = "Vendas", "Vendas", "{C71CF7B2-CE67-44E7-8442-4EB5F6222FD9}"
EndProject
Project("{2150E333-8FDC-42A3-9474-1A3956D46DE8}") = "Api", "Api", "{CFAB9292-CD1F-42AD-9E28-37756F37ACD4}"
EndProject
Project("{FAE04EC0-301F-11D3-BF4B-00C04F79EFBC}") = "Meraki.Agenda.Aplication", "BoundedContext\Agenda\Meraki.Agenda.Aplication\Meraki.Agenda.Aplication.csproj", "{4B0FD562-DBFB-0296-F5BD-81E55E2E0D55}"
EndProject
Project("{FAE04EC0-301F-11D3-BF4B-00C04F79EFBC}") = "Meraki.Agenda.Data", "BoundedContext\Agenda\Meraki.Agenda.Data\Meraki.Agenda.Data.csproj", "{16D03333-EFE3-F5BE-BBDF-762C6FA82944}"
EndProject
Project("{FAE04EC0-301F-11D3-BF4B-00C04F79EFBC}") = "Meraki.Agenda.Domain", "BoundedContext\Agenda\Meraki.Agenda.Domain\Meraki.Agenda.Domain.csproj", "{F0FFD14F-5EDD-5A4B-E2C0-15F392D355FF}"
EndProject
Project("{FAE04EC0-301F-11D3-BF4B-00C04F79EFBC}") = "Meraki.Cadastros.Aplication", "BoundedContext\Cadastros\Meraki.Cadastros.Aplication\Meraki.Cadastros.Aplication.csproj", "{FE90CB47-562A-53C8-536B-F46C8460BBE3}"
EndProject
Project("{FAE04EC0-301F-11D3-BF4B-00C04F79EFBC}") = "Meraki.Cadastros.Data", "BoundedContext\Cadastros\Meraki.Cadastros.Data\Meraki.Cadastros.Data.csproj", "{9008FA28-953A-4AEB-A2E5-CEAD679BEE07}"
EndProject
Project("{FAE04EC0-301F-11D3-BF4B-00C04F79EFBC}") = "Meraki.Cadastros.Domain", "BoundedContext\Cadastros\Meraki.Cadastros.Domain\Meraki.Cadastros.Domain.csproj", "{95E5CD4B-D594-8FC4-1768-049DC32814BA}"
EndProject
Project("{FAE04EC0-301F-11D3-BF4B-00C04F79EFBC}") = "Meraki.Core", "BoundedContext\Core\Meraki.Core\Meraki.Core.csproj", "{4449E6FF-7314-813C-3BF6-7CA6726554FC}"
EndProject
Project("{FAE04EC0-301F-11D3-BF4B-00C04F79EFBC}") = "Meraki.OrdemServico.Aplication", "BoundedContext\OrdemServico\Meraki.OrdemServico.Aplication\Meraki.OrdemServico.Aplication.csproj", "{6404EA4F-4B57-762D-03A4-85C27CC6D3B9}"
EndProject
Project("{FAE04EC0-301F-11D3-BF4B-00C04F79EFBC}") = "Meraki.OrdemServico.Data", "BoundedContext\OrdemServico\Meraki.OrdemServico.Data\Meraki.OrdemServico.Data.csproj", "{DFE5B30C-C10C-3A6C-19DB-5EB7985CD148}"
EndProject
Project("{FAE04EC0-301F-11D3-BF4B-00C04F79EFBC}") = "Meraki.OrdemServico.Domain", "BoundedContext\OrdemServico\Meraki.OrdemServico.Domain\Meraki.OrdemServico.Domain.csproj", "{1EF11D71-43C7-7D82-3558-788575737D69}"
EndProject
Project("{2150E333-8FDC-42A3-9474-1A3956D46DE8}") = "Servicos", "Servicos", "{FE4927EF-E5E4-4369-94D4-7B1A99A8BF92}"
EndProject
Project("{2150E333-8FDC-42A3-9474-1A3956D46DE8}") = "Estoque", "Estoque", "{835A7555-5E7E-4490-97FB-47114F1398AB}"
EndProject
Project("{2150E333-8FDC-42A3-9474-1A3956D46DE8}") = "Orcamento", "Orcamento", "{260AFAD6-EAB4-4CBD-B230-9E1575B3075A}"
EndProject
Project("{FAE04EC0-301F-11D3-BF4B-00C04F79EFBC}") = "Meraki.Estoque.Aplication", "BoundedContext\Estoque\Meraki.Estoque.Aplication\Meraki.Estoque.Aplication.csproj", "{E9D5808C-42A2-1E10-69ED-AD2CFB9EACC7}"
EndProject
Project("{FAE04EC0-301F-11D3-BF4B-00C04F79EFBC}") = "Meraki.Estoque.Data", "BoundedContext\Estoque\Meraki.Estoque.Data\Meraki.Estoque.Data.csproj", "{80B8AC01-568C-3C96-E928-66FDA9B477DF}"
EndProject
Project("{FAE04EC0-301F-11D3-BF4B-00C04F79EFBC}") = "Meraki.Estoque.Domain", "BoundedContext\Estoque\Meraki.Estoque.Domain\Meraki.Estoque.Domain.csproj", "{0634B98A-41DA-7CA1-2630-5B5630C3EBA2}"
EndProject
Project("{FAE04EC0-301F-11D3-BF4B-00C04F79EFBC}") = "Meraki.Orcamento.Aplication", "BoundedContext\Orcamentos\Meraki.Orcamento.Aplication\Meraki.Orcamento.Aplication.csproj", "{C68E3165-F32D-F1F8-72E9-EA1DDB202477}"
EndProject
Project("{FAE04EC0-301F-11D3-BF4B-00C04F79EFBC}") = "Meraki.Orcamento.Data", "BoundedContext\Orcamentos\Meraki.Orcamento.Data\Meraki.Orcamento.Data.csproj", "{A814835E-C5AC-9124-E7F7-0F9BE9E80140}"
EndProject
Project("{FAE04EC0-301F-11D3-BF4B-00C04F79EFBC}") = "Meraki.Orcamento.Domain", "BoundedContext\Orcamentos\Meraki.Orcamento.Domain\Meraki.Orcamento.Domain.csproj", "{54589EF5-6C92-6F4B-8408-8418FD04235D}"
EndProject
Project("{FAE04EC0-301F-11D3-BF4B-00C04F79EFBC}") = "Meraki.Servicos.Aplication", "BoundedContext\Servicos\Meraki.Servicos.Aplication\Meraki.Servicos.Aplication.csproj", "{5B44AD89-E21D-608C-B5EA-4B3C0ACAFD63}"
EndProject
Project("{FAE04EC0-301F-11D3-BF4B-00C04F79EFBC}") = "Meraki.Servicos.Data", "BoundedContext\Servicos\Meraki.Servicos.Data\Meraki.Servicos.Data.csproj", "{0C6A486C-5564-47CA-21FF-A810E8F1B403}"
EndProject
Project("{FAE04EC0-301F-11D3-BF4B-00C04F79EFBC}") = "Meraki.Servicos.Domain", "BoundedContext\Servicos\Meraki.Servicos.Domain\Meraki.Servicos.Domain.csproj", "{6A1FD77C-F41A-03AC-9166-CCAAA8EE1524}"
EndProject
Project("{FAE04EC0-301F-11D3-BF4B-00C04F79EFBC}") = "Meraki.Vendas.Aplication", "BoundedContext\Vendas\Meraki.Vendas.Aplication\Meraki.Vendas.Aplication.csproj", "{649BFB42-7972-16EA-E138-E1F0C4248B83}"
EndProject
Project("{FAE04EC0-301F-11D3-BF4B-00C04F79EFBC}") = "Meraki.Vendas.Data", "BoundedContext\Vendas\Meraki.Vendas.Data\Meraki.Vendas.Data.csproj", "{7D6DDF6B-5229-61B7-E4D3-366DBC7BF240}"
EndProject
Project("{FAE04EC0-301F-11D3-BF4B-00C04F79EFBC}") = "Meraki.Vendas.Domain", "BoundedContext\Vendas\Meraki.Vendas.Domain\Meraki.Vendas.Domain.csproj", "{66BC6D1D-8F6A-506B-D866-DEFECEB9C556}"
EndProject
Project("{FAE04EC0-301F-11D3-BF4B-00C04F79EFBC}") = "Meraki.Api", "Api\Meraki.Api\Meraki.Api.csproj", "{7F816090-2585-D260-9473-F519B6E18C54}"
EndProject
Project("{2150E333-8FDC-42A3-9474-1A3956D46DE8}") = "Itens", "Itens", "{F856D21F-0C3F-4C3B-83D6-C4BDEDA72970}"
EndProject
Project("{FAE04EC0-301F-11D3-BF4B-00C04F79EFBC}") = "Meraki.Itens.Aplication", "BoundedContext\Itens\Meraki.Itens.Aplication\Meraki.Itens.Aplication.csproj", "{84CF9FC0-9E1A-D2C1-809D-9F8231BB40FE}"
EndProject
Project("{FAE04EC0-301F-11D3-BF4B-00C04F79EFBC}") = "Meraki.Itens.Data", "BoundedContext\Itens\Meraki.Itens.Data\Meraki.Itens.Data.csproj", "{77314E3C-5173-DC97-C577-2EF0B5B47AFE}"
EndProject
Project("{FAE04EC0-301F-11D3-BF4B-00C04F79EFBC}") = "Meraki.Itens.Domain", "BoundedContext\Itens\Meraki.Itens.Domain\Meraki.Itens.Domain.csproj", "{1A26E894-0A0D-2D3B-EFEC-19746BFC7AF2}"
EndProject
Global
	GlobalSection(SolutionConfigurationPlatforms) = preSolution
		Debug|Any CPU = Debug|Any CPU
		Release|Any CPU = Release|Any CPU
	EndGlobalSection
	GlobalSection(ProjectConfigurationPlatforms) = postSolution
		{4B0FD562-DBFB-0296-F5BD-81E55E2E0D55}.Debug|Any CPU.ActiveCfg = Debug|Any CPU
		{4B0FD562-DBFB-0296-F5BD-81E55E2E0D55}.Debug|Any CPU.Build.0 = Debug|Any CPU
		{4B0FD562-DBFB-0296-F5BD-81E55E2E0D55}.Release|Any CPU.ActiveCfg = Release|Any CPU
		{4B0FD562-DBFB-0296-F5BD-81E55E2E0D55}.Release|Any CPU.Build.0 = Release|Any CPU
		{16D03333-EFE3-F5BE-BBDF-762C6FA82944}.Debug|Any CPU.ActiveCfg = Debug|Any CPU
		{16D03333-EFE3-F5BE-BBDF-762C6FA82944}.Debug|Any CPU.Build.0 = Debug|Any CPU
		{16D03333-EFE3-F5BE-BBDF-762C6FA82944}.Release|Any CPU.ActiveCfg = Release|Any CPU
		{16D03333-EFE3-F5BE-BBDF-762C6FA82944}.Release|Any CPU.Build.0 = Release|Any CPU
		{F0FFD14F-5EDD-5A4B-E2C0-15F392D355FF}.Debug|Any CPU.ActiveCfg = Debug|Any CPU
		{F0FFD14F-5EDD-5A4B-E2C0-15F392D355FF}.Debug|Any CPU.Build.0 = Debug|Any CPU
		{F0FFD14F-5EDD-5A4B-E2C0-15F392D355FF}.Release|Any CPU.ActiveCfg = Release|Any CPU
		{F0FFD14F-5EDD-5A4B-E2C0-15F392D355FF}.Release|Any CPU.Build.0 = Release|Any CPU
		{FE90CB47-562A-53C8-536B-F46C8460BBE3}.Debug|Any CPU.ActiveCfg = Debug|Any CPU
		{FE90CB47-562A-53C8-536B-F46C8460BBE3}.Debug|Any CPU.Build.0 = Debug|Any CPU
		{FE90CB47-562A-53C8-536B-F46C8460BBE3}.Release|Any CPU.ActiveCfg = Release|Any CPU
		{FE90CB47-562A-53C8-536B-F46C8460BBE3}.Release|Any CPU.Build.0 = Release|Any CPU
		{9008FA28-953A-4AEB-A2E5-CEAD679BEE07}.Debug|Any CPU.ActiveCfg = Debug|Any CPU
		{9008FA28-953A-4AEB-A2E5-CEAD679BEE07}.Debug|Any CPU.Build.0 = Debug|Any CPU
		{9008FA28-953A-4AEB-A2E5-CEAD679BEE07}.Release|Any CPU.ActiveCfg = Release|Any CPU
		{9008FA28-953A-4AEB-A2E5-CEAD679BEE07}.Release|Any CPU.Build.0 = Release|Any CPU
		{95E5CD4B-D594-8FC4-1768-049DC32814BA}.Debug|Any CPU.ActiveCfg = Debug|Any CPU
		{95E5CD4B-D594-8FC4-1768-049DC32814BA}.Debug|Any CPU.Build.0 = Debug|Any CPU
		{95E5CD4B-D594-8FC4-1768-049DC32814BA}.Release|Any CPU.ActiveCfg = Release|Any CPU
		{95E5CD4B-D594-8FC4-1768-049DC32814BA}.Release|Any CPU.Build.0 = Release|Any CPU
		{4449E6FF-7314-813C-3BF6-7CA6726554FC}.Debug|Any CPU.ActiveCfg = Debug|Any CPU
		{4449E6FF-7314-813C-3BF6-7CA6726554FC}.Debug|Any CPU.Build.0 = Debug|Any CPU
		{4449E6FF-7314-813C-3BF6-7CA6726554FC}.Release|Any CPU.ActiveCfg = Release|Any CPU
		{4449E6FF-7314-813C-3BF6-7CA6726554FC}.Release|Any CPU.Build.0 = Release|Any CPU
		{6404EA4F-4B57-762D-03A4-85C27CC6D3B9}.Debug|Any CPU.ActiveCfg = Debug|Any CPU
		{6404EA4F-4B57-762D-03A4-85C27CC6D3B9}.Debug|Any CPU.Build.0 = Debug|Any CPU
		{6404EA4F-4B57-762D-03A4-85C27CC6D3B9}.Release|Any CPU.ActiveCfg = Release|Any CPU
		{6404EA4F-4B57-762D-03A4-85C27CC6D3B9}.Release|Any CPU.Build.0 = Release|Any CPU
		{DFE5B30C-C10C-3A6C-19DB-5EB7985CD148}.Debug|Any CPU.ActiveCfg = Debug|Any CPU
		{DFE5B30C-C10C-3A6C-19DB-5EB7985CD148}.Debug|Any CPU.Build.0 = Debug|Any CPU
		{DFE5B30C-C10C-3A6C-19DB-5EB7985CD148}.Release|Any CPU.ActiveCfg = Release|Any CPU
		{DFE5B30C-C10C-3A6C-19DB-5EB7985CD148}.Release|Any CPU.Build.0 = Release|Any CPU
		{1EF11D71-43C7-7D82-3558-788575737D69}.Debug|Any CPU.ActiveCfg = Debug|Any CPU
		{1EF11D71-43C7-7D82-3558-788575737D69}.Debug|Any CPU.Build.0 = Debug|Any CPU
		{1EF11D71-43C7-7D82-3558-788575737D69}.Release|Any CPU.ActiveCfg = Release|Any CPU
		{1EF11D71-43C7-7D82-3558-788575737D69}.Release|Any CPU.Build.0 = Release|Any CPU
		{E9D5808C-42A2-1E10-69ED-AD2CFB9EACC7}.Debug|Any CPU.ActiveCfg = Debug|Any CPU
		{E9D5808C-42A2-1E10-69ED-AD2CFB9EACC7}.Debug|Any CPU.Build.0 = Debug|Any CPU
		{E9D5808C-42A2-1E10-69ED-AD2CFB9EACC7}.Release|Any CPU.ActiveCfg = Release|Any CPU
		{E9D5808C-42A2-1E10-69ED-AD2CFB9EACC7}.Release|Any CPU.Build.0 = Release|Any CPU
		{80B8AC01-568C-3C96-E928-66FDA9B477DF}.Debug|Any CPU.ActiveCfg = Debug|Any CPU
		{80B8AC01-568C-3C96-E928-66FDA9B477DF}.Debug|Any CPU.Build.0 = Debug|Any CPU
		{80B8AC01-568C-3C96-E928-66FDA9B477DF}.Release|Any CPU.ActiveCfg = Release|Any CPU
		{80B8AC01-568C-3C96-E928-66FDA9B477DF}.Release|Any CPU.Build.0 = Release|Any CPU
		{0634B98A-41DA-7CA1-2630-5B5630C3EBA2}.Debug|Any CPU.ActiveCfg = Debug|Any CPU
		{0634B98A-41DA-7CA1-2630-5B5630C3EBA2}.Debug|Any CPU.Build.0 = Debug|Any CPU
		{0634B98A-41DA-7CA1-2630-5B5630C3EBA2}.Release|Any CPU.ActiveCfg = Release|Any CPU
		{0634B98A-41DA-7CA1-2630-5B5630C3EBA2}.Release|Any CPU.Build.0 = Release|Any CPU
		{C68E3165-F32D-F1F8-72E9-EA1DDB202477}.Debug|Any CPU.ActiveCfg = Debug|Any CPU
		{C68E3165-F32D-F1F8-72E9-EA1DDB202477}.Debug|Any CPU.Build.0 = Debug|Any CPU
		{C68E3165-F32D-F1F8-72E9-EA1DDB202477}.Release|Any CPU.ActiveCfg = Release|Any CPU
		{C68E3165-F32D-F1F8-72E9-EA1DDB202477}.Release|Any CPU.Build.0 = Release|Any CPU
		{A814835E-C5AC-9124-E7F7-0F9BE9E80140}.Debug|Any CPU.ActiveCfg = Debug|Any CPU
		{A814835E-C5AC-9124-E7F7-0F9BE9E80140}.Debug|Any CPU.Build.0 = Debug|Any CPU
		{A814835E-C5AC-9124-E7F7-0F9BE9E80140}.Release|Any CPU.ActiveCfg = Release|Any CPU
		{A814835E-C5AC-9124-E7F7-0F9BE9E80140}.Release|Any CPU.Build.0 = Release|Any CPU
		{54589EF5-6C92-6F4B-8408-8418FD04235D}.Debug|Any CPU.ActiveCfg = Debug|Any CPU
		{54589EF5-6C92-6F4B-8408-8418FD04235D}.Debug|Any CPU.Build.0 = Debug|Any CPU
		{54589EF5-6C92-6F4B-8408-8418FD04235D}.Release|Any CPU.ActiveCfg = Release|Any CPU
		{54589EF5-6C92-6F4B-8408-8418FD04235D}.Release|Any CPU.Build.0 = Release|Any CPU
		{5B44AD89-E21D-608C-B5EA-4B3C0ACAFD63}.Debug|Any CPU.ActiveCfg = Debug|Any CPU
		{5B44AD89-E21D-608C-B5EA-4B3C0ACAFD63}.Debug|Any CPU.Build.0 = Debug|Any CPU
		{5B44AD89-E21D-608C-B5EA-4B3C0ACAFD63}.Release|Any CPU.ActiveCfg = Release|Any CPU
		{5B44AD89-E21D-608C-B5EA-4B3C0ACAFD63}.Release|Any CPU.Build.0 = Release|Any CPU
		{0C6A486C-5564-47CA-21FF-A810E8F1B403}.Debug|Any CPU.ActiveCfg = Debug|Any CPU
		{0C6A486C-5564-47CA-21FF-A810E8F1B403}.Debug|Any CPU.Build.0 = Debug|Any CPU
		{0C6A486C-5564-47CA-21FF-A810E8F1B403}.Release|Any CPU.ActiveCfg = Release|Any CPU
		{0C6A486C-5564-47CA-21FF-A810E8F1B403}.Release|Any CPU.Build.0 = Release|Any CPU
		{6A1FD77C-F41A-03AC-9166-CCAAA8EE1524}.Debug|Any CPU.ActiveCfg = Debug|Any CPU
		{6A1FD77C-F41A-03AC-9166-CCAAA8EE1524}.Debug|Any CPU.Build.0 = Debug|Any CPU
		{6A1FD77C-F41A-03AC-9166-CCAAA8EE1524}.Release|Any CPU.ActiveCfg = Release|Any CPU
		{6A1FD77C-F41A-03AC-9166-CCAAA8EE1524}.Release|Any CPU.Build.0 = Release|Any CPU
		{649BFB42-7972-16EA-E138-E1F0C4248B83}.Debug|Any CPU.ActiveCfg = Debug|Any CPU
		{649BFB42-7972-16EA-E138-E1F0C4248B83}.Debug|Any CPU.Build.0 = Debug|Any CPU
		{649BFB42-7972-16EA-E138-E1F0C4248B83}.Release|Any CPU.ActiveCfg = Release|Any CPU
		{649BFB42-7972-16EA-E138-E1F0C4248B83}.Release|Any CPU.Build.0 = Release|Any CPU
		{7D6DDF6B-5229-61B7-E4D3-366DBC7BF240}.Debug|Any CPU.ActiveCfg = Debug|Any CPU
		{7D6DDF6B-5229-61B7-E4D3-366DBC7BF240}.Debug|Any CPU.Build.0 = Debug|Any CPU
		{7D6DDF6B-5229-61B7-E4D3-366DBC7BF240}.Release|Any CPU.ActiveCfg = Release|Any CPU
		{7D6DDF6B-5229-61B7-E4D3-366DBC7BF240}.Release|Any CPU.Build.0 = Release|Any CPU
		{66BC6D1D-8F6A-506B-D866-DEFECEB9C556}.Debug|Any CPU.ActiveCfg = Debug|Any CPU
		{66BC6D1D-8F6A-506B-D866-DEFECEB9C556}.Debug|Any CPU.Build.0 = Debug|Any CPU
		{66BC6D1D-8F6A-506B-D866-DEFECEB9C556}.Release|Any CPU.ActiveCfg = Release|Any CPU
		{66BC6D1D-8F6A-506B-D866-DEFECEB9C556}.Release|Any CPU.Build.0 = Release|Any CPU
		{7F816090-2585-D260-9473-F519B6E18C54}.Debug|Any CPU.ActiveCfg = Debug|Any CPU
		{7F816090-2585-D260-9473-F519B6E18C54}.Debug|Any CPU.Build.0 = Debug|Any CPU
		{7F816090-2585-D260-9473-F519B6E18C54}.Release|Any CPU.ActiveCfg = Release|Any CPU
		{7F816090-2585-D260-9473-F519B6E18C54}.Release|Any CPU.Build.0 = Release|Any CPU
		{84CF9FC0-9E1A-D2C1-809D-9F8231BB40FE}.Debug|Any CPU.ActiveCfg = Debug|Any CPU
		{84CF9FC0-9E1A-D2C1-809D-9F8231BB40FE}.Debug|Any CPU.Build.0 = Debug|Any CPU
		{84CF9FC0-9E1A-D2C1-809D-9F8231BB40FE}.Release|Any CPU.ActiveCfg = Release|Any CPU
		{84CF9FC0-9E1A-D2C1-809D-9F8231BB40FE}.Release|Any CPU.Build.0 = Release|Any CPU
		{77314E3C-5173-DC97-C577-2EF0B5B47AFE}.Debug|Any CPU.ActiveCfg = Debug|Any CPU
		{77314E3C-5173-DC97-C577-2EF0B5B47AFE}.Debug|Any CPU.Build.0 = Debug|Any CPU
		{77314E3C-5173-DC97-C577-2EF0B5B47AFE}.Release|Any CPU.ActiveCfg = Release|Any CPU
		{77314E3C-5173-DC97-C577-2EF0B5B47AFE}.Release|Any CPU.Build.0 = Release|Any CPU
		{1A26E894-0A0D-2D3B-EFEC-19746BFC7AF2}.Debug|Any CPU.ActiveCfg = Debug|Any CPU
		{1A26E894-0A0D-2D3B-EFEC-19746BFC7AF2}.Debug|Any CPU.Build.0 = Debug|Any CPU
		{1A26E894-0A0D-2D3B-EFEC-19746BFC7AF2}.Release|Any CPU.ActiveCfg = Release|Any CPU
		{1A26E894-0A0D-2D3B-EFEC-19746BFC7AF2}.Release|Any CPU.Build.0 = Release|Any CPU
	EndGlobalSection
	GlobalSection(SolutionProperties) = preSolution
		HideSolutionNode = FALSE
	EndGlobalSection
	GlobalSection(NestedProjects) = preSolution
		{02EA681E-C7D8-13C7-8484-4AC65E1B71E8} = {AFDA9A79-CBC4-4108-8F77-0255FFB68F86}
		{51D975A2-C7EF-4E14-BC90-AD6325C8F3DE} = {AFDA9A79-CBC4-4108-8F77-0255FFB68F86}
		{59704847-CAD2-406F-83A8-E693B9BB4697} = {AFDA9A79-CBC4-4108-8F77-0255FFB68F86}
		{4C0248F7-99F9-4B4E-B91C-1E89FA039C14} = {AFDA9A79-CBC4-4108-8F77-0255FFB68F86}
		{C71CF7B2-CE67-44E7-8442-4EB5F6222FD9} = {AFDA9A79-CBC4-4108-8F77-0255FFB68F86}
		{4B0FD562-DBFB-0296-F5BD-81E55E2E0D55} = {02EA681E-C7D8-13C7-8484-4AC65E1B71E8}
		{16D03333-EFE3-F5BE-BBDF-762C6FA82944} = {02EA681E-C7D8-13C7-8484-4AC65E1B71E8}
		{F0FFD14F-5EDD-5A4B-E2C0-15F392D355FF} = {02EA681E-C7D8-13C7-8484-4AC65E1B71E8}
		{FE90CB47-562A-53C8-536B-F46C8460BBE3} = {51D975A2-C7EF-4E14-BC90-AD6325C8F3DE}
		{9008FA28-953A-4AEB-A2E5-CEAD679BEE07} = {51D975A2-C7EF-4E14-BC90-AD6325C8F3DE}
		{95E5CD4B-D594-8FC4-1768-049DC32814BA} = {51D975A2-C7EF-4E14-BC90-AD6325C8F3DE}
		{4449E6FF-7314-813C-3BF6-7CA6726554FC} = {59704847-CAD2-406F-83A8-E693B9BB4697}
		{6404EA4F-4B57-762D-03A4-85C27CC6D3B9} = {4C0248F7-99F9-4B4E-B91C-1E89FA039C14}
		{DFE5B30C-C10C-3A6C-19DB-5EB7985CD148} = {4C0248F7-99F9-4B4E-B91C-1E89FA039C14}
		{1EF11D71-43C7-7D82-3558-788575737D69} = {4C0248F7-99F9-4B4E-B91C-1E89FA039C14}
		{FE4927EF-E5E4-4369-94D4-7B1A99A8BF92} = {AFDA9A79-CBC4-4108-8F77-0255FFB68F86}
		{835A7555-5E7E-4490-97FB-47114F1398AB} = {AFDA9A79-CBC4-4108-8F77-0255FFB68F86}
		{260AFAD6-EAB4-4CBD-B230-9E1575B3075A} = {AFDA9A79-CBC4-4108-8F77-0255FFB68F86}
		{E9D5808C-42A2-1E10-69ED-AD2CFB9EACC7} = {835A7555-5E7E-4490-97FB-47114F1398AB}
		{80B8AC01-568C-3C96-E928-66FDA9B477DF} = {835A7555-5E7E-4490-97FB-47114F1398AB}
		{0634B98A-41DA-7CA1-2630-5B5630C3EBA2} = {835A7555-5E7E-4490-97FB-47114F1398AB}
		{C68E3165-F32D-F1F8-72E9-EA1DDB202477} = {260AFAD6-EAB4-4CBD-B230-9E1575B3075A}
		{A814835E-C5AC-9124-E7F7-0F9BE9E80140} = {260AFAD6-EAB4-4CBD-B230-9E1575B3075A}
		{54589EF5-6C92-6F4B-8408-8418FD04235D} = {260AFAD6-EAB4-4CBD-B230-9E1575B3075A}
		{5B44AD89-E21D-608C-B5EA-4B3C0ACAFD63} = {FE4927EF-E5E4-4369-94D4-7B1A99A8BF92}
		{0C6A486C-5564-47CA-21FF-A810E8F1B403} = {FE4927EF-E5E4-4369-94D4-7B1A99A8BF92}
		{6A1FD77C-F41A-03AC-9166-CCAAA8EE1524} = {FE4927EF-E5E4-4369-94D4-7B1A99A8BF92}
		{649BFB42-7972-16EA-E138-E1F0C4248B83} = {C71CF7B2-CE67-44E7-8442-4EB5F6222FD9}
		{7D6DDF6B-5229-61B7-E4D3-366DBC7BF240} = {C71CF7B2-CE67-44E7-8442-4EB5F6222FD9}
		{66BC6D1D-8F6A-506B-D866-DEFECEB9C556} = {C71CF7B2-CE67-44E7-8442-4EB5F6222FD9}
		{7F816090-2585-D260-9473-F519B6E18C54} = {CFAB9292-CD1F-42AD-9E28-37756F37ACD4}
		{F856D21F-0C3F-4C3B-83D6-C4BDEDA72970} = {AFDA9A79-CBC4-4108-8F77-0255FFB68F86}
		{84CF9FC0-9E1A-D2C1-809D-9F8231BB40FE} = {F856D21F-0C3F-4C3B-83D6-C4BDEDA72970}
		{77314E3C-5173-DC97-C577-2EF0B5B47AFE} = {F856D21F-0C3F-4C3B-83D6-C4BDEDA72970}
		{1A26E894-0A0D-2D3B-EFEC-19746BFC7AF2} = {F856D21F-0C3F-4C3B-83D6-C4BDEDA72970}
	EndGlobalSection
	GlobalSection(ExtensibilityGlobals) = postSolution
		SolutionGuid = {73D35177-1343-4034-90C5-7DD2279394AC}
	EndGlobalSection
EndGlobal
